{
  "version": 4,
  "terraform_version": "1.14.3",
  "serial": 10,
  "lineage": "bc287345-535f-8d8c-7fd2-4b9d7ea32098",
  "outputs": {
    "all_vm_ips": {
      "value": {
        "cluster1_master": "136.119.31.173",
        "cluster1_worker": "35.224.236.110",
        "cluster2_master": "34.16.22.149",
        "cluster2_worker": "34.60.33.53"
      },
      "type": [
        "object",
        {
          "cluster1_master": "string",
          "cluster1_worker": "string",
          "cluster2_master": "string",
          "cluster2_worker": "string"
        }
      ]
    },
    "cluster1_master_ip": {
      "value": "136.119.31.173",
      "type": "string"
    },
    "cluster1_worker_ip": {
      "value": "35.224.236.110",
      "type": "string"
    },
    "cluster2_master_ip": {
      "value": "34.16.22.149",
      "type": "string"
    },
    "cluster2_worker_ip": {
      "value": "34.60.33.53",
      "type": "string"
    }
  },
  "resources": [
    {
      "module": "module.cluster1_master",
      "mode": "managed",
      "type": "google_compute_instance",
      "name": "vm",
      "provider": "provider[\"registry.terraform.io/hashicorp/google\"]",
      "instances": [
        {
          "schema_version": 6,
          "attributes": {
            "advanced_machine_features": [],
            "allow_stopping_for_update": null,
            "attached_disk": [],
            "boot_disk": [
              {
                "auto_delete": true,
                "device_name": "persistent-disk-0",
                "disk_encryption_key_raw": "",
                "disk_encryption_key_sha256": "",
                "initialize_params": [
                  {
                    "enable_confidential_compute": false,
                    "image": "https://www.googleapis.com/compute/v1/projects/debian-cloud/global/images/debian-11-bullseye-v20260114",
                    "labels": {},
                    "provisioned_iops": 0,
                    "provisioned_throughput": 0,
                    "resource_manager_tags": null,
                    "size": 20,
                    "storage_pool": "",
                    "type": "pd-standard"
                  }
                ],
                "kms_key_self_link": "",
                "mode": "READ_WRITE",
                "source": "https://www.googleapis.com/compute/v1/projects/kkgcplabs01-039/zones/us-central1-a/disks/production-cluster-1-master"
              }
            ],
            "can_ip_forward": false,
            "confidential_instance_config": [],
            "cpu_platform": "Intel Broadwell",
            "current_status": "RUNNING",
            "deletion_protection": false,
            "description": "",
            "desired_status": null,
            "effective_labels": {},
            "enable_display": false,
            "guest_accelerator": [],
            "hostname": "",
            "id": "projects/kkgcplabs01-039/zones/us-central1-a/instances/production-cluster-1-master",
            "instance_id": "2398312532900040721",
            "label_fingerprint": "42WmSpB8rSM=",
            "labels": null,
            "machine_type": "e2-medium",
            "metadata": {
              "cluster_name": "cluster-1",
              "enable-oslogin": "FALSE",
              "node_role": "master",
              "ssh-keys": "k8sadmin:ssh-rsa AAAAB3NzaC1yc2EAAAADAQABAAABgQCphx3A97N0qOXSqyNSXlqZt7p43XDHJ/ZOy57eekuaLLVpevztbRL1pcB13nKLoNRZ6YpF+nGOOsi1BSEGauoDk44oTGDGziOAfkQGJFQkGWJMnFDQoXcaYOlKhA+e03X+Gl0AokH7KnGmEQEUVPDVWzUYU0X/RhYT/s+z2faLTT+iT1lk2VeWfattKa2JTDfJGi+Ri7p0IFP8gpIeyLcBExn7Q+X4oZZ6c/MKjKBwUMuhzlGcx0nluQqTyFjM17bN+jvc10rUXEdCw8cMwdWs5JSg3ISocu+e9RZKP44tVQm51ejwY9/ptgDkTnzTR1I+dUtgbFwRWA4p0+xMQ6liL8NZQL3dVwiWIjzHqA8BSm/DW4d1+K4AWP11QTa11+mhEk9ULlRH3bjtZlhKQL+cwQJKAmOJV3dV1sESXg5xs+Jk8CK75oVaCrEuz8YeWgit77pPkKnx8R5WrGyBc3APrXSpOvQYi0kBlWp+bnsbxtVidkZh5O3pru1lyfjvomM= codespace@codespaces-d231e1\n"
            },
            "metadata_fingerprint": "5AyQv1BE1kY=",
            "metadata_startup_script": null,
            "min_cpu_platform": "",
            "name": "production-cluster-1-master",
            "network_interface": [
              {
                "access_config": [
                  {
                    "nat_ip": "136.119.31.173",
                    "network_tier": "PREMIUM",
                    "public_ptr_domain_name": ""
                  }
                ],
                "alias_ip_range": [],
                "internal_ipv6_prefix_length": 0,
                "ipv6_access_config": [],
                "ipv6_access_type": "",
                "ipv6_address": "",
                "name": "nic0",
                "network": "https://www.googleapis.com/compute/v1/projects/kkgcplabs01-039/global/networks/production-main-vpc",
                "network_ip": "10.0.1.4",
                "nic_type": "",
                "queue_count": 0,
                "stack_type": "IPV4_ONLY",
                "subnetwork": "https://www.googleapis.com/compute/v1/projects/kkgcplabs01-039/regions/us-central1/subnetworks/production-main-subnet",
                "subnetwork_project": "kkgcplabs01-039"
              }
            ],
            "network_performance_config": [],
            "params": [],
            "project": "kkgcplabs01-039",
            "reservation_affinity": [],
            "resource_policies": null,
            "scheduling": [
              {
                "automatic_restart": true,
                "instance_termination_action": "",
                "local_ssd_recovery_timeout": [],
                "max_run_duration": [],
                "min_node_cpus": 0,
                "node_affinities": [],
                "on_host_maintenance": "MIGRATE",
                "on_instance_stop_action": [],
                "preemptible": false,
                "provisioning_model": "STANDARD"
              }
            ],
            "scratch_disk": [],
            "self_link": "https://www.googleapis.com/compute/v1/projects/kkgcplabs01-039/zones/us-central1-a/instances/production-cluster-1-master",
            "service_account": [],
            "shielded_instance_config": [
              {
                "enable_integrity_monitoring": true,
                "enable_secure_boot": false,
                "enable_vtpm": true
              }
            ],
            "tags": [
              "k8s",
              "master"
            ],
            "tags_fingerprint": "1wSeLcVrspg=",
            "terraform_labels": {},
            "timeouts": null,
            "zone": "us-central1-a"
          },
          "sensitive_attributes": [
            [
              {
                "type": "get_attr",
                "value": "boot_disk"
              },
              {
                "type": "index",
                "value": {
                  "value": 0,
                  "type": "number"
                }
              },
              {
                "type": "get_attr",
                "value": "disk_encryption_key_raw"
              }
            ]
          ],
          "identity_schema_version": 0,
          "private": "eyJlMmJmYjczMC1lY2FhLTExZTYtOGY4OC0zNDM2M2JjN2M0YzAiOnsiY3JlYXRlIjoxMjAwMDAwMDAwMDAwLCJkZWxldGUiOjEyMDAwMDAwMDAwMDAsInVwZGF0ZSI6MTIwMDAwMDAwMDAwMH0sInNjaGVtYV92ZXJzaW9uIjoiNiJ9",
          "dependencies": [
            "module.network.google_compute_network.vpc",
            "module.network.google_compute_subnetwork.subnet"
          ]
        }
      ]
    },
    {
      "module": "module.cluster1_worker",
      "mode": "managed",
      "type": "google_compute_instance",
      "name": "vm",
      "provider": "provider[\"registry.terraform.io/hashicorp/google\"]",
      "instances": [
        {
          "schema_version": 6,
          "attributes": {
            "advanced_machine_features": [],
            "allow_stopping_for_update": null,
            "attached_disk": [],
            "boot_disk": [
              {
                "auto_delete": true,
                "device_name": "persistent-disk-0",
                "disk_encryption_key_raw": "",
                "disk_encryption_key_sha256": "",
                "initialize_params": [
                  {
                    "enable_confidential_compute": false,
                    "image": "https://www.googleapis.com/compute/v1/projects/debian-cloud/global/images/debian-11-bullseye-v20260114",
                    "labels": {},
                    "provisioned_iops": 0,
                    "provisioned_throughput": 0,
                    "resource_manager_tags": null,
                    "size": 20,
                    "storage_pool": "",
                    "type": "pd-standard"
                  }
                ],
                "kms_key_self_link": "",
                "mode": "READ_WRITE",
                "source": "https://www.googleapis.com/compute/v1/projects/kkgcplabs01-039/zones/us-central1-a/disks/production-cluster-1-worker"
              }
            ],
            "can_ip_forward": false,
            "confidential_instance_config": [],
            "cpu_platform": "Intel Broadwell",
            "current_status": "RUNNING",
            "deletion_protection": false,
            "description": "",
            "desired_status": null,
            "effective_labels": {},
            "enable_display": false,
            "guest_accelerator": [],
            "hostname": "",
            "id": "projects/kkgcplabs01-039/zones/us-central1-a/instances/production-cluster-1-worker",
            "instance_id": "5863388883414142994",
            "label_fingerprint": "42WmSpB8rSM=",
            "labels": null,
            "machine_type": "e2-medium",
            "metadata": {
              "cluster_name": "cluster-1",
              "enable-oslogin": "FALSE",
              "node_role": "worker",
              "ssh-keys": "k8sadmin:ssh-rsa AAAAB3NzaC1yc2EAAAADAQABAAABgQCphx3A97N0qOXSqyNSXlqZt7p43XDHJ/ZOy57eekuaLLVpevztbRL1pcB13nKLoNRZ6YpF+nGOOsi1BSEGauoDk44oTGDGziOAfkQGJFQkGWJMnFDQoXcaYOlKhA+e03X+Gl0AokH7KnGmEQEUVPDVWzUYU0X/RhYT/s+z2faLTT+iT1lk2VeWfattKa2JTDfJGi+Ri7p0IFP8gpIeyLcBExn7Q+X4oZZ6c/MKjKBwUMuhzlGcx0nluQqTyFjM17bN+jvc10rUXEdCw8cMwdWs5JSg3ISocu+e9RZKP44tVQm51ejwY9/ptgDkTnzTR1I+dUtgbFwRWA4p0+xMQ6liL8NZQL3dVwiWIjzHqA8BSm/DW4d1+K4AWP11QTa11+mhEk9ULlRH3bjtZlhKQL+cwQJKAmOJV3dV1sESXg5xs+Jk8CK75oVaCrEuz8YeWgit77pPkKnx8R5WrGyBc3APrXSpOvQYi0kBlWp+bnsbxtVidkZh5O3pru1lyfjvomM= codespace@codespaces-d231e1\n"
            },
            "metadata_fingerprint": "bdOzIUj7ij0=",
            "metadata_startup_script": null,
            "min_cpu_platform": "",
            "name": "production-cluster-1-worker",
            "network_interface": [
              {
                "access_config": [
                  {
                    "nat_ip": "35.224.236.110",
                    "network_tier": "PREMIUM",
                    "public_ptr_domain_name": ""
                  }
                ],
                "alias_ip_range": [],
                "internal_ipv6_prefix_length": 0,
                "ipv6_access_config": [],
                "ipv6_access_type": "",
                "ipv6_address": "",
                "name": "nic0",
                "network": "https://www.googleapis.com/compute/v1/projects/kkgcplabs01-039/global/networks/production-main-vpc",
                "network_ip": "10.0.1.2",
                "nic_type": "",
                "queue_count": 0,
                "stack_type": "IPV4_ONLY",
                "subnetwork": "https://www.googleapis.com/compute/v1/projects/kkgcplabs01-039/regions/us-central1/subnetworks/production-main-subnet",
                "subnetwork_project": "kkgcplabs01-039"
              }
            ],
            "network_performance_config": [],
            "params": [],
            "project": "kkgcplabs01-039",
            "reservation_affinity": [],
            "resource_policies": null,
            "scheduling": [
              {
                "automatic_restart": true,
                "instance_termination_action": "",
                "local_ssd_recovery_timeout": [],
                "max_run_duration": [],
                "min_node_cpus": 0,
                "node_affinities": [],
                "on_host_maintenance": "MIGRATE",
                "on_instance_stop_action": [],
                "preemptible": false,
                "provisioning_model": "STANDARD"
              }
            ],
            "scratch_disk": [],
            "self_link": "https://www.googleapis.com/compute/v1/projects/kkgcplabs01-039/zones/us-central1-a/instances/production-cluster-1-worker",
            "service_account": [],
            "shielded_instance_config": [
              {
                "enable_integrity_monitoring": true,
                "enable_secure_boot": false,
                "enable_vtpm": true
              }
            ],
            "tags": [
              "k8s",
              "worker"
            ],
            "tags_fingerprint": "Mpmv-cTfSaQ=",
            "terraform_labels": {},
            "timeouts": null,
            "zone": "us-central1-a"
          },
          "sensitive_attributes": [
            [
              {
                "type": "get_attr",
                "value": "boot_disk"
              },
              {
                "type": "index",
                "value": {
                  "value": 0,
                  "type": "number"
                }
              },
              {
                "type": "get_attr",
                "value": "disk_encryption_key_raw"
              }
            ]
          ],
          "identity_schema_version": 0,
          "private": "eyJlMmJmYjczMC1lY2FhLTExZTYtOGY4OC0zNDM2M2JjN2M0YzAiOnsiY3JlYXRlIjoxMjAwMDAwMDAwMDAwLCJkZWxldGUiOjEyMDAwMDAwMDAwMDAsInVwZGF0ZSI6MTIwMDAwMDAwMDAwMH0sInNjaGVtYV92ZXJzaW9uIjoiNiJ9",
          "dependencies": [
            "module.network.google_compute_network.vpc",
            "module.network.google_compute_subnetwork.subnet"
          ]
        }
      ]
    },
    {
      "module": "module.cluster2_master",
      "mode": "managed",
      "type": "google_compute_instance",
      "name": "vm",
      "provider": "provider[\"registry.terraform.io/hashicorp/google\"]",
      "instances": [
        {
          "schema_version": 6,
          "attributes": {
            "advanced_machine_features": [],
            "allow_stopping_for_update": null,
            "attached_disk": [],
            "boot_disk": [
              {
                "auto_delete": true,
                "device_name": "persistent-disk-0",
                "disk_encryption_key_raw": "",
                "disk_encryption_key_sha256": "",
                "initialize_params": [
                  {
                    "enable_confidential_compute": false,
                    "image": "https://www.googleapis.com/compute/v1/projects/debian-cloud/global/images/debian-11-bullseye-v20260114",
                    "labels": {},
                    "provisioned_iops": 0,
                    "provisioned_throughput": 0,
                    "resource_manager_tags": null,
                    "size": 20,
                    "storage_pool": "",
                    "type": "pd-standard"
                  }
                ],
                "kms_key_self_link": "",
                "mode": "READ_WRITE",
                "source": "https://www.googleapis.com/compute/v1/projects/kkgcplabs01-039/zones/us-central1-a/disks/production-cluster-2-master"
              }
            ],
            "can_ip_forward": false,
            "confidential_instance_config": [],
            "cpu_platform": "Intel Broadwell",
            "current_status": "RUNNING",
            "deletion_protection": false,
            "description": "",
            "desired_status": null,
            "effective_labels": {},
            "enable_display": false,
            "guest_accelerator": [],
            "hostname": "",
            "id": "projects/kkgcplabs01-039/zones/us-central1-a/instances/production-cluster-2-master",
            "instance_id": "3437833444759949329",
            "label_fingerprint": "42WmSpB8rSM=",
            "labels": null,
            "machine_type": "e2-medium",
            "metadata": {
              "cluster_name": "cluster-2",
              "enable-oslogin": "FALSE",
              "node_role": "master",
              "ssh-keys": "k8sadmin:ssh-rsa AAAAB3NzaC1yc2EAAAADAQABAAABgQCphx3A97N0qOXSqyNSXlqZt7p43XDHJ/ZOy57eekuaLLVpevztbRL1pcB13nKLoNRZ6YpF+nGOOsi1BSEGauoDk44oTGDGziOAfkQGJFQkGWJMnFDQoXcaYOlKhA+e03X+Gl0AokH7KnGmEQEUVPDVWzUYU0X/RhYT/s+z2faLTT+iT1lk2VeWfattKa2JTDfJGi+Ri7p0IFP8gpIeyLcBExn7Q+X4oZZ6c/MKjKBwUMuhzlGcx0nluQqTyFjM17bN+jvc10rUXEdCw8cMwdWs5JSg3ISocu+e9RZKP44tVQm51ejwY9/ptgDkTnzTR1I+dUtgbFwRWA4p0+xMQ6liL8NZQL3dVwiWIjzHqA8BSm/DW4d1+K4AWP11QTa11+mhEk9ULlRH3bjtZlhKQL+cwQJKAmOJV3dV1sESXg5xs+Jk8CK75oVaCrEuz8YeWgit77pPkKnx8R5WrGyBc3APrXSpOvQYi0kBlWp+bnsbxtVidkZh5O3pru1lyfjvomM= codespace@codespaces-d231e1\n"
            },
            "metadata_fingerprint": "AvQCvgFg-sU=",
            "metadata_startup_script": null,
            "min_cpu_platform": "",
            "name": "production-cluster-2-master",
            "network_interface": [
              {
                "access_config": [
                  {
                    "nat_ip": "34.16.22.149",
                    "network_tier": "PREMIUM",
                    "public_ptr_domain_name": ""
                  }
                ],
                "alias_ip_range": [],
                "internal_ipv6_prefix_length": 0,
                "ipv6_access_config": [],
                "ipv6_access_type": "",
                "ipv6_address": "",
                "name": "nic0",
                "network": "https://www.googleapis.com/compute/v1/projects/kkgcplabs01-039/global/networks/production-main-vpc",
                "network_ip": "10.0.1.3",
                "nic_type": "",
                "queue_count": 0,
                "stack_type": "IPV4_ONLY",
                "subnetwork": "https://www.googleapis.com/compute/v1/projects/kkgcplabs01-039/regions/us-central1/subnetworks/production-main-subnet",
                "subnetwork_project": "kkgcplabs01-039"
              }
            ],
            "network_performance_config": [],
            "params": [],
            "project": "kkgcplabs01-039",
            "reservation_affinity": [],
            "resource_policies": null,
            "scheduling": [
              {
                "automatic_restart": true,
                "instance_termination_action": "",
                "local_ssd_recovery_timeout": [],
                "max_run_duration": [],
                "min_node_cpus": 0,
                "node_affinities": [],
                "on_host_maintenance": "MIGRATE",
                "on_instance_stop_action": [],
                "preemptible": false,
                "provisioning_model": "STANDARD"
              }
            ],
            "scratch_disk": [],
            "self_link": "https://www.googleapis.com/compute/v1/projects/kkgcplabs01-039/zones/us-central1-a/instances/production-cluster-2-master",
            "service_account": [],
            "shielded_instance_config": [
              {
                "enable_integrity_monitoring": true,
                "enable_secure_boot": false,
                "enable_vtpm": true
              }
            ],
            "tags": [
              "k8s",
              "master"
            ],
            "tags_fingerprint": "1wSeLcVrspg=",
            "terraform_labels": {},
            "timeouts": null,
            "zone": "us-central1-a"
          },
          "sensitive_attributes": [
            [
              {
                "type": "get_attr",
                "value": "boot_disk"
              },
              {
                "type": "index",
                "value": {
                  "value": 0,
                  "type": "number"
                }
              },
              {
                "type": "get_attr",
                "value": "disk_encryption_key_raw"
              }
            ]
          ],
          "identity_schema_version": 0,
          "private": "eyJlMmJmYjczMC1lY2FhLTExZTYtOGY4OC0zNDM2M2JjN2M0YzAiOnsiY3JlYXRlIjoxMjAwMDAwMDAwMDAwLCJkZWxldGUiOjEyMDAwMDAwMDAwMDAsInVwZGF0ZSI6MTIwMDAwMDAwMDAwMH0sInNjaGVtYV92ZXJzaW9uIjoiNiJ9",
          "dependencies": [
            "module.network.google_compute_network.vpc",
            "module.network.google_compute_subnetwork.subnet"
          ]
        }
      ]
    },
    {
      "module": "module.cluster2_worker",
      "mode": "managed",
      "type": "google_compute_instance",
      "name": "vm",
      "provider": "provider[\"registry.terraform.io/hashicorp/google\"]",
      "instances": [
        {
          "schema_version": 6,
          "attributes": {
            "advanced_machine_features": [],
            "allow_stopping_for_update": null,
            "attached_disk": [],
            "boot_disk": [
              {
                "auto_delete": true,
                "device_name": "persistent-disk-0",
                "disk_encryption_key_raw": "",
                "disk_encryption_key_sha256": "",
                "initialize_params": [
                  {
                    "enable_confidential_compute": false,
                    "image": "https://www.googleapis.com/compute/v1/projects/debian-cloud/global/images/debian-11-bullseye-v20260114",
                    "labels": {},
                    "provisioned_iops": 0,
                    "provisioned_throughput": 0,
                    "resource_manager_tags": null,
                    "size": 20,
                    "storage_pool": "",
                    "type": "pd-standard"
                  }
                ],
                "kms_key_self_link": "",
                "mode": "READ_WRITE",
                "source": "https://www.googleapis.com/compute/v1/projects/kkgcplabs01-039/zones/us-central1-a/disks/production-cluster-2-worker"
              }
            ],
            "can_ip_forward": false,
            "confidential_instance_config": [],
            "cpu_platform": "Intel Broadwell",
            "current_status": "RUNNING",
            "deletion_protection": false,
            "description": "",
            "desired_status": null,
            "effective_labels": {},
            "enable_display": false,
            "guest_accelerator": [],
            "hostname": "",
            "id": "projects/kkgcplabs01-039/zones/us-central1-a/instances/production-cluster-2-worker",
            "instance_id": "4940594973522251793",
            "label_fingerprint": "42WmSpB8rSM=",
            "labels": null,
            "machine_type": "e2-medium",
            "metadata": {
              "cluster_name": "cluster-2",
              "enable-oslogin": "FALSE",
              "node_role": "worker",
              "ssh-keys": "k8sadmin:ssh-rsa AAAAB3NzaC1yc2EAAAADAQABAAABgQCphx3A97N0qOXSqyNSXlqZt7p43XDHJ/ZOy57eekuaLLVpevztbRL1pcB13nKLoNRZ6YpF+nGOOsi1BSEGauoDk44oTGDGziOAfkQGJFQkGWJMnFDQoXcaYOlKhA+e03X+Gl0AokH7KnGmEQEUVPDVWzUYU0X/RhYT/s+z2faLTT+iT1lk2VeWfattKa2JTDfJGi+Ri7p0IFP8gpIeyLcBExn7Q+X4oZZ6c/MKjKBwUMuhzlGcx0nluQqTyFjM17bN+jvc10rUXEdCw8cMwdWs5JSg3ISocu+e9RZKP44tVQm51ejwY9/ptgDkTnzTR1I+dUtgbFwRWA4p0+xMQ6liL8NZQL3dVwiWIjzHqA8BSm/DW4d1+K4AWP11QTa11+mhEk9ULlRH3bjtZlhKQL+cwQJKAmOJV3dV1sESXg5xs+Jk8CK75oVaCrEuz8YeWgit77pPkKnx8R5WrGyBc3APrXSpOvQYi0kBlWp+bnsbxtVidkZh5O3pru1lyfjvomM= codespace@codespaces-d231e1\n"
            },
            "metadata_fingerprint": "aHm8CR1dmo4=",
            "metadata_startup_script": null,
            "min_cpu_platform": "",
            "name": "production-cluster-2-worker",
            "network_interface": [
              {
                "access_config": [
                  {
                    "nat_ip": "34.60.33.53",
                    "network_tier": "PREMIUM",
                    "public_ptr_domain_name": ""
                  }
                ],
                "alias_ip_range": [],
                "internal_ipv6_prefix_length": 0,
                "ipv6_access_config": [],
                "ipv6_access_type": "",
                "ipv6_address": "",
                "name": "nic0",
                "network": "https://www.googleapis.com/compute/v1/projects/kkgcplabs01-039/global/networks/production-main-vpc",
                "network_ip": "10.0.1.5",
                "nic_type": "",
                "queue_count": 0,
                "stack_type": "IPV4_ONLY",
                "subnetwork": "https://www.googleapis.com/compute/v1/projects/kkgcplabs01-039/regions/us-central1/subnetworks/production-main-subnet",
                "subnetwork_project": "kkgcplabs01-039"
              }
            ],
            "network_performance_config": [],
            "params": [],
            "project": "kkgcplabs01-039",
            "reservation_affinity": [],
            "resource_policies": null,
            "scheduling": [
              {
                "automatic_restart": true,
                "instance_termination_action": "",
                "local_ssd_recovery_timeout": [],
                "max_run_duration": [],
                "min_node_cpus": 0,
                "node_affinities": [],
                "on_host_maintenance": "MIGRATE",
                "on_instance_stop_action": [],
                "preemptible": false,
                "provisioning_model": "STANDARD"
              }
            ],
            "scratch_disk": [],
            "self_link": "https://www.googleapis.com/compute/v1/projects/kkgcplabs01-039/zones/us-central1-a/instances/production-cluster-2-worker",
            "service_account": [],
            "shielded_instance_config": [
              {
                "enable_integrity_monitoring": true,
                "enable_secure_boot": false,
                "enable_vtpm": true
              }
            ],
            "tags": [
              "k8s",
              "worker"
            ],
            "tags_fingerprint": "Mpmv-cTfSaQ=",
            "terraform_labels": {},
            "timeouts": null,
            "zone": "us-central1-a"
          },
          "sensitive_attributes": [
            [
              {
                "type": "get_attr",
                "value": "boot_disk"
              },
              {
                "type": "index",
                "value": {
                  "value": 0,
                  "type": "number"
                }
              },
              {
                "type": "get_attr",
                "value": "disk_encryption_key_raw"
              }
            ]
          ],
          "identity_schema_version": 0,
          "private": "eyJlMmJmYjczMC1lY2FhLTExZTYtOGY4OC0zNDM2M2JjN2M0YzAiOnsiY3JlYXRlIjoxMjAwMDAwMDAwMDAwLCJkZWxldGUiOjEyMDAwMDAwMDAwMDAsInVwZGF0ZSI6MTIwMDAwMDAwMDAwMH0sInNjaGVtYV92ZXJzaW9uIjoiNiJ9",
          "dependencies": [
            "module.network.google_compute_network.vpc",
            "module.network.google_compute_subnetwork.subnet"
          ]
        }
      ]
    },
    {
      "module": "module.network",
      "mode": "managed",
      "type": "google_compute_firewall",
      "name": "rules",
      "provider": "provider[\"registry.terraform.io/hashicorp/google\"]",
      "instances": [
        {
          "index_key": "allow-k8s",
          "schema_version": 1,
          "attributes": {
            "allow": [
              {
                "ports": [
                  "6443",
                  "2379-2380",
                  "10250",
                  "10251",
                  "10252"
                ],
                "protocol": "tcp"
              }
            ],
            "creation_timestamp": "2026-01-22T10:39:32.615-08:00",
            "deny": [],
            "description": "",
            "destination_ranges": [],
            "direction": "INGRESS",
            "disabled": false,
            "enable_logging": null,
            "id": "projects/kkgcplabs01-039/global/firewalls/production-allow-k8s",
            "log_config": [],
            "name": "production-allow-k8s",
            "network": "https://www.googleapis.com/compute/v1/projects/kkgcplabs01-039/global/networks/production-main-vpc",
            "priority": 1001,
            "project": "kkgcplabs01-039",
            "self_link": "https://www.googleapis.com/compute/v1/projects/kkgcplabs01-039/global/firewalls/production-allow-k8s",
            "source_ranges": [
              "10.0.0.0/8"
            ],
            "source_service_accounts": null,
            "source_tags": null,
            "target_service_accounts": null,
            "target_tags": null,
            "timeouts": null
          },
          "sensitive_attributes": [],
          "identity_schema_version": 0,
          "private": "eyJlMmJmYjczMC1lY2FhLTExZTYtOGY4OC0zNDM2M2JjN2M0YzAiOnsiY3JlYXRlIjoxMjAwMDAwMDAwMDAwLCJkZWxldGUiOjEyMDAwMDAwMDAwMDAsInVwZGF0ZSI6MTIwMDAwMDAwMDAwMH0sInNjaGVtYV92ZXJzaW9uIjoiMSJ9",
          "dependencies": [
            "module.network.google_compute_network.vpc"
          ]
        },
        {
          "index_key": "allow-ssh",
          "schema_version": 1,
          "attributes": {
            "allow": [
              {
                "ports": [
                  "22"
                ],
                "protocol": "tcp"
              }
            ],
            "creation_timestamp": "2026-01-22T10:39:32.084-08:00",
            "deny": [],
            "description": "",
            "destination_ranges": [],
            "direction": "INGRESS",
            "disabled": false,
            "enable_logging": null,
            "id": "projects/kkgcplabs01-039/global/firewalls/production-allow-ssh",
            "log_config": [],
            "name": "production-allow-ssh",
            "network": "https://www.googleapis.com/compute/v1/projects/kkgcplabs01-039/global/networks/production-main-vpc",
            "priority": 1000,
            "project": "kkgcplabs01-039",
            "self_link": "https://www.googleapis.com/compute/v1/projects/kkgcplabs01-039/global/firewalls/production-allow-ssh",
            "source_ranges": [
              "0.0.0.0/0"
            ],
            "source_service_accounts": null,
            "source_tags": null,
            "target_service_accounts": null,
            "target_tags": null,
            "timeouts": null
          },
          "sensitive_attributes": [],
          "identity_schema_version": 0,
          "private": "eyJlMmJmYjczMC1lY2FhLTExZTYtOGY4OC0zNDM2M2JjN2M0YzAiOnsiY3JlYXRlIjoxMjAwMDAwMDAwMDAwLCJkZWxldGUiOjEyMDAwMDAwMDAwMDAsInVwZGF0ZSI6MTIwMDAwMDAwMDAwMH0sInNjaGVtYV92ZXJzaW9uIjoiMSJ9",
          "dependencies": [
            "module.network.google_compute_network.vpc"
          ]
        }
      ]
    },
    {
      "module": "module.network",
      "mode": "managed",
      "type": "google_compute_network",
      "name": "vpc",
      "provider": "provider[\"registry.terraform.io/hashicorp/google\"]",
      "instances": [
        {
          "schema_version": 0,
          "attributes": {
            "auto_create_subnetworks": false,
            "delete_default_routes_on_create": false,
            "description": "",
            "enable_ula_internal_ipv6": false,
            "gateway_ipv4": "",
            "id": "projects/kkgcplabs01-039/global/networks/production-main-vpc",
            "internal_ipv6_range": "",
            "mtu": 0,
            "name": "production-main-vpc",
            "network_firewall_policy_enforcement_order": "AFTER_CLASSIC_FIREWALL",
            "numeric_id": "447285602461667361",
            "project": "kkgcplabs01-039",
            "routing_mode": "REGIONAL",
            "self_link": "https://www.googleapis.com/compute/v1/projects/kkgcplabs01-039/global/networks/production-main-vpc",
            "timeouts": null
          },
          "sensitive_attributes": [],
          "identity_schema_version": 0,
          "private": "eyJlMmJmYjczMC1lY2FhLTExZTYtOGY4OC0zNDM2M2JjN2M0YzAiOnsiY3JlYXRlIjoxMjAwMDAwMDAwMDAwLCJkZWxldGUiOjEyMDAwMDAwMDAwMDAsInVwZGF0ZSI6MTIwMDAwMDAwMDAwMH19"
        }
      ]
    },
    {
      "module": "module.network",
      "mode": "managed",
      "type": "google_compute_subnetwork",
      "name": "subnet",
      "provider": "provider[\"registry.terraform.io/hashicorp/google\"]",
      "instances": [
        {
          "schema_version": 0,
          "attributes": {
            "creation_timestamp": "2026-01-22T10:39:32.491-08:00",
            "description": "",
            "external_ipv6_prefix": "",
            "fingerprint": null,
            "gateway_address": "10.0.1.1",
            "id": "projects/kkgcplabs01-039/regions/us-central1/subnetworks/production-main-subnet",
            "internal_ipv6_prefix": "",
            "ip_cidr_range": "10.0.1.0/24",
            "ipv6_access_type": "",
            "ipv6_cidr_range": "",
            "log_config": [],
            "name": "production-main-subnet",
            "network": "https://www.googleapis.com/compute/v1/projects/kkgcplabs01-039/global/networks/production-main-vpc",
            "private_ip_google_access": false,
            "private_ipv6_google_access": "DISABLE_GOOGLE_ACCESS",
            "project": "kkgcplabs01-039",
            "purpose": "PRIVATE",
            "region": "us-central1",
            "role": "",
            "secondary_ip_range": [],
            "self_link": "https://www.googleapis.com/compute/v1/projects/kkgcplabs01-039/regions/us-central1/subnetworks/production-main-subnet",
            "send_secondary_ip_range_if_empty": null,
            "stack_type": "IPV4_ONLY",
            "timeouts": null
          },
          "sensitive_attributes": [],
          "identity_schema_version": 0,
          "private": "eyJlMmJmYjczMC1lY2FhLTExZTYtOGY4OC0zNDM2M2JjN2M0YzAiOnsiY3JlYXRlIjoxMjAwMDAwMDAwMDAwLCJkZWxldGUiOjEyMDAwMDAwMDAwMDAsInVwZGF0ZSI6MTIwMDAwMDAwMDAwMH19",
          "dependencies": [
            "module.network.google_compute_network.vpc"
          ]
        }
      ]
    }
  ],
  "check_results": null
}
